
Microsoft Visual Studio Solution File, Format Version 12.00
# Visual Studio Version 16
VisualStudioVersion = 25.0.1705.6
MinimumVisualStudioVersion = 10.0.40219.1
Project("{FAE04EC0-301F-11D3-BF4B-00C04F79EFBC}") = "BussinessObject", "BussinessObject\BussinessObject.csproj", "{8F197E9E-178E-4EE9-A060-C6C42F8354B7}"
EndProject
Project("{FAE04EC0-301F-11D3-BF4B-00C04F79EFBC}") = "DataAccess", "DataAccess\DataAccess.csproj", "{1E717959-07A3-491F-8D83-BCCD481F9F03}"
EndProject
Project("{FAE04EC0-301F-11D3-BF4B-00C04F79EFBC}") = "eStoreAPI", "eStoreAPI\eStoreAPI.csproj", "{4D6CBF26-ED36-48CB-9D0F-D9608926DF6D}"
EndProject
Project("{FAE04EC0-301F-11D3-BF4B-00C04F79EFBC}") = "eSroteClient", "eSroteClient\eSroteClient.csproj", "{F9C14174-BA35-43C8-97E4-C0126245A753}"
EndProject
Project("{FAE04EC0-301F-11D3-BF4B-00C04F79EFBC}") = "abc", "abc\abc.csproj", "{09E0FA70-A83B-4278-8D07-900D2F07DA86}"
EndProject
Global
	GlobalSection(SolutionConfigurationPlatforms) = preSolution
		Debug|Any CPU = Debug|Any CPU
		Release|Any CPU = Release|Any CPU
	EndGlobalSection
	GlobalSection(ProjectConfigurationPlatforms) = postSolution
		{8F197E9E-178E-4EE9-A060-C6C42F8354B7}.Debug|Any CPU.ActiveCfg = Debug|Any CPU
		{8F197E9E-178E-4EE9-A060-C6C42F8354B7}.Debug|Any CPU.Build.0 = Debug|Any CPU
		{8F197E9E-178E-4EE9-A060-C6C42F8354B7}.Release|Any CPU.ActiveCfg = Release|Any CPU
		{8F197E9E-178E-4EE9-A060-C6C42F8354B7}.Release|Any CPU.Build.0 = Release|Any CPU
		{1E717959-07A3-491F-8D83-BCCD481F9F03}.Debug|Any CPU.ActiveCfg = Debug|Any CPU
		{1E717959-07A3-491F-8D83-BCCD481F9F03}.Debug|Any CPU.Build.0 = Debug|Any CPU
		{1E717959-07A3-491F-8D83-BCCD481F9F03}.Release|Any CPU.ActiveCfg = Release|Any CPU
		{1E717959-07A3-491F-8D83-BCCD481F9F03}.Release|Any CPU.Build.0 = Release|Any CPU
		{4D6CBF26-ED36-48CB-9D0F-D9608926DF6D}.Debug|Any CPU.ActiveCfg = Debug|Any CPU
		{4D6CBF26-ED36-48CB-9D0F-D9608926DF6D}.Debug|Any CPU.Build.0 = Debug|Any CPU
		{4D6CBF26-ED36-48CB-9D0F-D9608926DF6D}.Release|Any CPU.ActiveCfg = Release|Any CPU
		{4D6CBF26-ED36-48CB-9D0F-D9608926DF6D}.Release|Any CPU.Build.0 = Release|Any CPU
		{F9C14174-BA35-43C8-97E4-C0126245A753}.Debug|Any CPU.ActiveCfg = Debug|Any CPU
		{F9C14174-BA35-43C8-97E4-C0126245A753}.Debug|Any CPU.Build.0 = Debug|Any CPU
		{F9C14174-BA35-43C8-97E4-C0126245A753}.Release|Any CPU.ActiveCfg = Release|Any CPU
		{F9C14174-BA35-43C8-97E4-C0126245A753}.Release|Any CPU.Build.0 = Release|Any CPU
		{09E0FA70-A83B-4278-8D07-900D2F07DA86}.Debug|Any CPU.ActiveCfg = Debug|Any CPU
		{09E0FA70-A83B-4278-8D07-900D2F07DA86}.Debug|Any CPU.Build.0 = Debug|Any CPU
		{09E0FA70-A83B-4278-8D07-900D2F07DA86}.Release|Any CPU.ActiveCfg = Release|Any CPU
		{09E0FA70-A83B-4278-8D07-900D2F07DA86}.Release|Any CPU.Build.0 = Release|Any CPU
	EndGlobalSection
	GlobalSection(SolutionProperties) = preSolution
		HideSolutionNode = FALSE
	EndGlobalSection
	GlobalSection(ExtensibilityGlobals) = postSolution
		SolutionGuid = {4AB9F7EF-1A1E-4EF0-83F7-25CAA56E7039}
	EndGlobalSection
EndGlobal
